// !$*UTF8*$!
{
	archiveVersion = 1;
	classes = {
	};
	objectVersion = 56;
	objects = {

/* Begin PBXBuildFile section */
		2FA013CC2D6A5FAF0055741C /* Assets.xcassets in Resources */ = {isa = PBXBuildFile; fileRef = 2FA013CB2D6A5FAF0055741C /* Assets.xcassets */; };
		2FA013D92D6A5FAF0055741C /* RecipesTests.swift in Sources */ = {isa = PBXBuildFile; fileRef = 2FA013D82D6A5FAF0055741C /* RecipesTests.swift */; };
		2FA013F52D6A613C0055741C /* RecipesNetworkingService.swift in Sources */ = {isa = PBXBuildFile; fileRef = 2FA013F42D6A613C0055741C /* RecipesNetworkingService.swift */; };
		2FA013F82D6A616C0055741C /* NetworkingService.swift in Sources */ = {isa = PBXBuildFile; fileRef = 2FA013F72D6A616C0055741C /* NetworkingService.swift */; };
		2FA013FA2D6A62A40055741C /* NetworkingError.swift in Sources */ = {isa = PBXBuildFile; fileRef = 2FA013F92D6A62A40055741C /* NetworkingError.swift */; };
		2FA013FD2D6A6AB70055741C /* RecipeDataModel.swift in Sources */ = {isa = PBXBuildFile; fileRef = 2FA013FC2D6A6AB70055741C /* RecipeDataModel.swift */; };
		2FA014002D6A6C320055741C /* RecipeDomainModel.swift in Sources */ = {isa = PBXBuildFile; fileRef = 2FA013FF2D6A6C320055741C /* RecipeDomainModel.swift */; };
		2FA014022D6A6C820055741C /* DefaultRecipesNetworkingService.swift in Sources */ = {isa = PBXBuildFile; fileRef = 2FA014012D6A6C820055741C /* DefaultRecipesNetworkingService.swift */; };
		2FA014052D6A6D050055741C /* RecipeDomainModel+Mapping.swift in Sources */ = {isa = PBXBuildFile; fileRef = 2FA014042D6A6D050055741C /* RecipeDomainModel+Mapping.swift */; };
		2FA014092D6A6E9A0055741C /* RecipesListView.swift in Sources */ = {isa = PBXBuildFile; fileRef = 2FA014082D6A6E9A0055741C /* RecipesListView.swift */; };
		2FA0140B2D6A6EA70055741C /* RecipeCardView.swift in Sources */ = {isa = PBXBuildFile; fileRef = 2FA0140A2D6A6EA70055741C /* RecipeCardView.swift */; };
		2FA0140E2D6A6ED50055741C /* CardViewModifier.swift in Sources */ = {isa = PBXBuildFile; fileRef = 2FA0140D2D6A6ED50055741C /* CardViewModifier.swift */; };
		2FA014102D6A6FFC0055741C /* RemoteImageView.swift in Sources */ = {isa = PBXBuildFile; fileRef = 2FA0140F2D6A6FFC0055741C /* RemoteImageView.swift */; };
		2FA014142D6A70A30055741C /* AsyncDownloader.swift in Sources */ = {isa = PBXBuildFile; fileRef = 2FA014132D6A70A30055741C /* AsyncDownloader.swift */; };
		2FA014182D6A8CA80055741C /* recipesResponse.json in Resources */ = {isa = PBXBuildFile; fileRef = 2FA014172D6A8CA80055741C /* recipesResponse.json */; };
		2FA0141C2D6A8CFC0055741C /* recipesResponseMalformed.json in Resources */ = {isa = PBXBuildFile; fileRef = 2FA0141B2D6A8CFC0055741C /* recipesResponseMalformed.json */; };
		2FA0141E2D6A8D120055741C /* recipesResponseEmpty.json in Resources */ = {isa = PBXBuildFile; fileRef = 2FA0141D2D6A8D120055741C /* recipesResponseEmpty.json */; };
		2FA014212D6A8DA40055741C /* MockRecipesNetworkingService.swift in Sources */ = {isa = PBXBuildFile; fileRef = 2FA014202D6A8DA40055741C /* MockRecipesNetworkingService.swift */; };
		2FA014232D6A8DD30055741C /* MockingHelpers.swift in Sources */ = {isa = PBXBuildFile; fileRef = 2FA014222D6A8DD30055741C /* MockingHelpers.swift */; };
		2FA014262D6AC62C0055741C /* RemoteImageNetworkingService.swift in Sources */ = {isa = PBXBuildFile; fileRef = 2FA014252D6AC62C0055741C /* RemoteImageNetworkingService.swift */; };
		2FA014292D6AC6A50055741C /* DefaultRemoteImageNetworkingService.swift in Sources */ = {isa = PBXBuildFile; fileRef = 2FA014282D6AC6A50055741C /* DefaultRemoteImageNetworkingService.swift */; };
		2FA0142B2D6AC8D80055741C /* RemoteImageViewModel.swift in Sources */ = {isa = PBXBuildFile; fileRef = 2FA0142A2D6AC8D80055741C /* RemoteImageViewModel.swift */; };
		2FA0142D2D6C144A0055741C /* BaseContentLoadingView.swift in Sources */ = {isa = PBXBuildFile; fileRef = 2FA0142C2D6C144A0055741C /* BaseContentLoadingView.swift */; };
		2FA014312D6C18C90055741C /* RecipesDataModel.swift in Sources */ = {isa = PBXBuildFile; fileRef = 2FA014302D6C18C90055741C /* RecipesDataModel.swift */; };
		2FA014332D6C1D5B0055741C /* RecipesApp.swift in Sources */ = {isa = PBXBuildFile; fileRef = 2FA014322D6C1D5B0055741C /* RecipesApp.swift */; };
		2FA014392D6C298D0055741C /* darkMode.png in Resources */ = {isa = PBXBuildFile; fileRef = 2FA014382D6C298D0055741C /* darkMode.png */; };
		2FA0143B2D6C299C0055741C /* lightMode.png in Resources */ = {isa = PBXBuildFile; fileRef = 2FA0143A2D6C299C0055741C /* lightMode.png */; };
		2FA0143E2D6C2DAE0055741C /* AsyncDownloaderTests.swift in Sources */ = {isa = PBXBuildFile; fileRef = 2FA0143D2D6C2DAE0055741C /* AsyncDownloaderTests.swift */; };
/* End PBXBuildFile section */

/* Begin PBXContainerItemProxy section */
		2FA013D52D6A5FAF0055741C /* PBXContainerItemProxy */ = {
			isa = PBXContainerItemProxy;
			containerPortal = 2FA013BC2D6A5FAC0055741C /* Project object */;
			proxyType = 1;
			remoteGlobalIDString = 2FA013C32D6A5FAC0055741C;
			remoteInfo = Recipes;
		};
/* End PBXContainerItemProxy section */

/* Begin PBXFileReference section */
		2FA013C42D6A5FAC0055741C /* Recipes.app */ = {isa = PBXFileReference; explicitFileType = wrapper.application; includeInIndex = 0; path = Recipes.app; sourceTree = BUILT_PRODUCTS_DIR; };
		2FA013CB2D6A5FAF0055741C /* Assets.xcassets */ = {isa = PBXFileReference; lastKnownFileType = folder.assetcatalog; path = Assets.xcassets; sourceTree = "<group>"; };
		2FA013D42D6A5FAF0055741C /* RecipesTests.xctest */ = {isa = PBXFileReference; explicitFileType = wrapper.cfbundle; includeInIndex = 0; path = RecipesTests.xctest; sourceTree = BUILT_PRODUCTS_DIR; };
		2FA013D82D6A5FAF0055741C /* RecipesTests.swift */ = {isa = PBXFileReference; lastKnownFileType = sourcecode.swift; path = RecipesTests.swift; sourceTree = "<group>"; };
		2FA013F12D6A60D30055741C /* README.md */ = {isa = PBXFileReference; lastKnownFileType = net.daringfireball.markdown; path = README.md; sourceTree = "<group>"; };
		2FA013F42D6A613C0055741C /* RecipesNetworkingService.swift */ = {isa = PBXFileReference; lastKnownFileType = sourcecode.swift; path = RecipesNetworkingService.swift; sourceTree = "<group>"; };
		2FA013F72D6A616C0055741C /* NetworkingService.swift */ = {isa = PBXFileReference; lastKnownFileType = sourcecode.swift; path = NetworkingService.swift; sourceTree = "<group>"; };
		2FA013F92D6A62A40055741C /* NetworkingError.swift */ = {isa = PBXFileReference; lastKnownFileType = sourcecode.swift; path = NetworkingError.swift; sourceTree = "<group>"; };
		2FA013FC2D6A6AB70055741C /* RecipeDataModel.swift */ = {isa = PBXFileReference; lastKnownFileType = sourcecode.swift; path = RecipeDataModel.swift; sourceTree = "<group>"; };
		2FA013FF2D6A6C320055741C /* RecipeDomainModel.swift */ = {isa = PBXFileReference; lastKnownFileType = sourcecode.swift; path = RecipeDomainModel.swift; sourceTree = "<group>"; };
		2FA014012D6A6C820055741C /* DefaultRecipesNetworkingService.swift */ = {isa = PBXFileReference; lastKnownFileType = sourcecode.swift; path = DefaultRecipesNetworkingService.swift; sourceTree = "<group>"; };
		2FA014042D6A6D050055741C /* RecipeDomainModel+Mapping.swift */ = {isa = PBXFileReference; lastKnownFileType = sourcecode.swift; path = "RecipeDomainModel+Mapping.swift"; sourceTree = "<group>"; };
		2FA014082D6A6E9A0055741C /* RecipesListView.swift */ = {isa = PBXFileReference; lastKnownFileType = sourcecode.swift; path = RecipesListView.swift; sourceTree = "<group>"; };
		2FA0140A2D6A6EA70055741C /* RecipeCardView.swift */ = {isa = PBXFileReference; lastKnownFileType = sourcecode.swift; path = RecipeCardView.swift; sourceTree = "<group>"; };
		2FA0140D2D6A6ED50055741C /* CardViewModifier.swift */ = {isa = PBXFileReference; lastKnownFileType = sourcecode.swift; path = CardViewModifier.swift; sourceTree = "<group>"; };
		2FA0140F2D6A6FFC0055741C /* RemoteImageView.swift */ = {isa = PBXFileReference; lastKnownFileType = sourcecode.swift; path = RemoteImageView.swift; sourceTree = "<group>"; };
		2FA014132D6A70A30055741C /* AsyncDownloader.swift */ = {isa = PBXFileReference; lastKnownFileType = sourcecode.swift; path = AsyncDownloader.swift; sourceTree = "<group>"; };
		2FA014172D6A8CA80055741C /* recipesResponse.json */ = {isa = PBXFileReference; lastKnownFileType = text.json; path = recipesResponse.json; sourceTree = "<group>"; };
		2FA0141B2D6A8CFC0055741C /* recipesResponseMalformed.json */ = {isa = PBXFileReference; lastKnownFileType = text.json; path = recipesResponseMalformed.json; sourceTree = "<group>"; };
		2FA0141D2D6A8D120055741C /* recipesResponseEmpty.json */ = {isa = PBXFileReference; lastKnownFileType = text.json; path = recipesResponseEmpty.json; sourceTree = "<group>"; };
		2FA014202D6A8DA40055741C /* MockRecipesNetworkingService.swift */ = {isa = PBXFileReference; lastKnownFileType = sourcecode.swift; path = MockRecipesNetworkingService.swift; sourceTree = "<group>"; };
		2FA014222D6A8DD30055741C /* MockingHelpers.swift */ = {isa = PBXFileReference; lastKnownFileType = sourcecode.swift; path = MockingHelpers.swift; sourceTree = "<group>"; };
		2FA014252D6AC62C0055741C /* RemoteImageNetworkingService.swift */ = {isa = PBXFileReference; lastKnownFileType = sourcecode.swift; path = RemoteImageNetworkingService.swift; sourceTree = "<group>"; };
		2FA014282D6AC6A50055741C /* DefaultRemoteImageNetworkingService.swift */ = {isa = PBXFileReference; lastKnownFileType = sourcecode.swift; path = DefaultRemoteImageNetworkingService.swift; sourceTree = "<group>"; };
		2FA0142A2D6AC8D80055741C /* RemoteImageViewModel.swift */ = {isa = PBXFileReference; lastKnownFileType = sourcecode.swift; path = RemoteImageViewModel.swift; sourceTree = "<group>"; };
		2FA0142C2D6C144A0055741C /* BaseContentLoadingView.swift */ = {isa = PBXFileReference; lastKnownFileType = sourcecode.swift; path = BaseContentLoadingView.swift; sourceTree = "<group>"; };
		2FA014302D6C18C90055741C /* RecipesDataModel.swift */ = {isa = PBXFileReference; lastKnownFileType = sourcecode.swift; path = RecipesDataModel.swift; sourceTree = "<group>"; };
		2FA014322D6C1D5B0055741C /* RecipesApp.swift */ = {isa = PBXFileReference; fileEncoding = 4; lastKnownFileType = sourcecode.swift; name = RecipesApp.swift; path = ../../../.Trash/RecipesApp.swift; sourceTree = "<group>"; };
		2FA014382D6C298D0055741C /* darkMode.png */ = {isa = PBXFileReference; lastKnownFileType = image.png; path = darkMode.png; sourceTree = "<group>"; };
		2FA0143A2D6C299C0055741C /* lightMode.png */ = {isa = PBXFileReference; lastKnownFileType = image.png; path = lightMode.png; sourceTree = "<group>"; };
		2FA0143D2D6C2DAE0055741C /* AsyncDownloaderTests.swift */ = {isa = PBXFileReference; lastKnownFileType = sourcecode.swift; path = AsyncDownloaderTests.swift; sourceTree = "<group>"; };
/* End PBXFileReference section */

/* Begin PBXFrameworksBuildPhase section */
		2FA013C12D6A5FAC0055741C /* Frameworks */ = {
			isa = PBXFrameworksBuildPhase;
			buildActionMask = 2147483647;
			files = (
			);
			runOnlyForDeploymentPostprocessing = 0;
		};
		2FA013D12D6A5FAF0055741C /* Frameworks */ = {
			isa = PBXFrameworksBuildPhase;
			buildActionMask = 2147483647;
			files = (
			);
			runOnlyForDeploymentPostprocessing = 0;
		};
/* End PBXFrameworksBuildPhase section */

/* Begin PBXGroup section */
		2FA013BB2D6A5FAC0055741C = {
			isa = PBXGroup;
			children = (
				2FA013C62D6A5FAC0055741C /* Recipes */,
				2FA013D72D6A5FAF0055741C /* RecipesTests */,
				2FA013F12D6A60D30055741C /* README.md */,
				2FA013C52D6A5FAC0055741C /* Products */,
			);
			sourceTree = "<group>";
		};
		2FA013C52D6A5FAC0055741C /* Products */ = {
			isa = PBXGroup;
			children = (
				2FA013C42D6A5FAC0055741C /* Recipes.app */,
				2FA013D42D6A5FAF0055741C /* RecipesTests.xctest */,
			);
			name = Products;
			sourceTree = "<group>";
		};
		2FA013C62D6A5FAC0055741C /* Recipes */ = {
			isa = PBXGroup;
			children = (
				2FA014322D6C1D5B0055741C /* RecipesApp.swift */,
				2FA014152D6A8C8B0055741C /* Resources */,
				2FA013F62D6A615E0055741C /* Core */,
				2FA0140C2D6A6EB90055741C /* CommonUI */,
				2FA014342D6C1D710055741C /* Screens */,
				2FA013CB2D6A5FAF0055741C /* Assets.xcassets */,
			);
			path = Recipes;
			sourceTree = "<group>";
		};
		2FA013D72D6A5FAF0055741C /* RecipesTests */ = {
			isa = PBXGroup;
			children = (
				2FA0143C2D6C2D830055741C /* Core */,
				2FA013D82D6A5FAF0055741C /* RecipesTests.swift */,
			);
			path = RecipesTests;
			sourceTree = "<group>";
		};
		2FA013F22D6A61200055741C /* Data */ = {
			isa = PBXGroup;
			children = (
				2FA013FB2D6A6A9E0055741C /* Model */,
				2FA0141F2D6A8D900055741C /* RecipesNetworkingService */,
			);
			path = Data;
			sourceTree = "<group>";
		};
		2FA013F32D6A61280055741C /* Domain */ = {
			isa = PBXGroup;
			children = (
				2FA014032D6A6CF60055741C /* Mapping */,
				2FA013FE2D6A6C270055741C /* Model */,
			);
			path = Domain;
			sourceTree = "<group>";
		};
		2FA013F62D6A615E0055741C /* Core */ = {
			isa = PBXGroup;
			children = (
				2FA013F72D6A616C0055741C /* NetworkingService.swift */,
				2FA013F92D6A62A40055741C /* NetworkingError.swift */,
				2FA014132D6A70A30055741C /* AsyncDownloader.swift */,
				2FA014222D6A8DD30055741C /* MockingHelpers.swift */,
			);
			path = Core;
			sourceTree = "<group>";
		};
		2FA013FB2D6A6A9E0055741C /* Model */ = {
			isa = PBXGroup;
			children = (
				2FA013FC2D6A6AB70055741C /* RecipeDataModel.swift */,
				2FA014302D6C18C90055741C /* RecipesDataModel.swift */,
			);
			path = Model;
			sourceTree = "<group>";
		};
		2FA013FE2D6A6C270055741C /* Model */ = {
			isa = PBXGroup;
			children = (
				2FA013FF2D6A6C320055741C /* RecipeDomainModel.swift */,
			);
			path = Model;
			sourceTree = "<group>";
		};
		2FA014032D6A6CF60055741C /* Mapping */ = {
			isa = PBXGroup;
			children = (
				2FA014042D6A6D050055741C /* RecipeDomainModel+Mapping.swift */,
			);
			path = Mapping;
			sourceTree = "<group>";
		};
		2FA014062D6A6E5F0055741C /* View */ = {
			isa = PBXGroup;
			children = (
				2FA014082D6A6E9A0055741C /* RecipesListView.swift */,
				2FA0140A2D6A6EA70055741C /* RecipeCardView.swift */,
			);
			path = View;
			sourceTree = "<group>";
		};
		2FA014072D6A6E820055741C /* ListView */ = {
			isa = PBXGroup;
			children = (
				2FA013F22D6A61200055741C /* Data */,
				2FA013F32D6A61280055741C /* Domain */,
				2FA014062D6A6E5F0055741C /* View */,
			);
			path = ListView;
			sourceTree = "<group>";
		};
		2FA0140C2D6A6EB90055741C /* CommonUI */ = {
			isa = PBXGroup;
			children = (
				2FA0140D2D6A6ED50055741C /* CardViewModifier.swift */,
				2FA014242D6AC61F0055741C /* RemoteImage */,
				2FA0142C2D6C144A0055741C /* BaseContentLoadingView.swift */,
			);
			path = CommonUI;
			sourceTree = "<group>";
		};
		2FA014152D6A8C8B0055741C /* Resources */ = {
			isa = PBXGroup;
			children = (
				2FA014352D6C274B0055741C /* Screenshots */,
				2FA014162D6A8C930055741C /* Mocks */,
			);
			path = Resources;
			sourceTree = "<group>";
		};
		2FA014162D6A8C930055741C /* Mocks */ = {
			isa = PBXGroup;
			children = (
				2FA014172D6A8CA80055741C /* recipesResponse.json */,
				2FA0141B2D6A8CFC0055741C /* recipesResponseMalformed.json */,
				2FA0141D2D6A8D120055741C /* recipesResponseEmpty.json */,
			);
			path = Mocks;
			sourceTree = "<group>";
		};
		2FA0141F2D6A8D900055741C /* RecipesNetworkingService */ = {
			isa = PBXGroup;
			children = (
				2FA013F42D6A613C0055741C /* RecipesNetworkingService.swift */,
				2FA014012D6A6C820055741C /* DefaultRecipesNetworkingService.swift */,
				2FA014202D6A8DA40055741C /* MockRecipesNetworkingService.swift */,
			);
			path = RecipesNetworkingService;
			sourceTree = "<group>";
		};
		2FA014242D6AC61F0055741C /* RemoteImage */ = {
			isa = PBXGroup;
			children = (
				2FA0140F2D6A6FFC0055741C /* RemoteImageView.swift */,
				2FA0142A2D6AC8D80055741C /* RemoteImageViewModel.swift */,
				2FA014272D6AC64D0055741C /* NetworkingService */,
			);
			path = RemoteImage;
			sourceTree = "<group>";
		};
		2FA014272D6AC64D0055741C /* NetworkingService */ = {
			isa = PBXGroup;
			children = (
				2FA014252D6AC62C0055741C /* RemoteImageNetworkingService.swift */,
				2FA014282D6AC6A50055741C /* DefaultRemoteImageNetworkingService.swift */,
			);
			path = NetworkingService;
			sourceTree = "<group>";
		};
		2FA014342D6C1D710055741C /* Screens */ = {
			isa = PBXGroup;
			children = (
				2FA014072D6A6E820055741C /* ListView */,
			);
			path = Screens;
			sourceTree = "<group>";
		};
		2FA014352D6C274B0055741C /* Screenshots */ = {
			isa = PBXGroup;
			children = (
				2FA014382D6C298D0055741C /* darkMode.png */,
				2FA0143A2D6C299C0055741C /* lightMode.png */,
			);
			path = Screenshots;
			sourceTree = "<group>";
		};
		2FA0143C2D6C2D830055741C /* Core */ = {
			isa = PBXGroup;
			children = (
				2FA0143D2D6C2DAE0055741C /* AsyncDownloaderTests.swift */,
			);
			path = Core;
			sourceTree = "<group>";
		};
/* End PBXGroup section */

/* Begin PBXNativeTarget section */
		2FA013C32D6A5FAC0055741C /* Recipes */ = {
			isa = PBXNativeTarget;
			buildConfigurationList = 2FA013E82D6A5FAF0055741C /* Build configuration list for PBXNativeTarget "Recipes" */;
			buildPhases = (
				2FA013C02D6A5FAC0055741C /* Sources */,
				2FA013C12D6A5FAC0055741C /* Frameworks */,
				2FA013C22D6A5FAC0055741C /* Resources */,
			);
			buildRules = (
			);
			dependencies = (
			);
			name = Recipes;
			productName = Recipes;
			productReference = 2FA013C42D6A5FAC0055741C /* Recipes.app */;
			productType = "com.apple.product-type.application";
		};
		2FA013D32D6A5FAF0055741C /* RecipesTests */ = {
			isa = PBXNativeTarget;
			buildConfigurationList = 2FA013EB2D6A5FAF0055741C /* Build configuration list for PBXNativeTarget "RecipesTests" */;
			buildPhases = (
				2FA013D02D6A5FAF0055741C /* Sources */,
				2FA013D12D6A5FAF0055741C /* Frameworks */,
				2FA013D22D6A5FAF0055741C /* Resources */,
			);
			buildRules = (
			);
			dependencies = (
				2FA013D62D6A5FAF0055741C /* PBXTargetDependency */,
			);
			name = RecipesTests;
			productName = RecipesTests;
			productReference = 2FA013D42D6A5FAF0055741C /* RecipesTests.xctest */;
			productType = "com.apple.product-type.bundle.unit-test";
		};
/* End PBXNativeTarget section */

/* Begin PBXProject section */
		2FA013BC2D6A5FAC0055741C /* Project object */ = {
			isa = PBXProject;
			attributes = {
				BuildIndependentTargetsInParallel = 1;
				LastSwiftUpdateCheck = 1520;
				LastUpgradeCheck = 1520;
				TargetAttributes = {
					2FA013C32D6A5FAC0055741C = {
						CreatedOnToolsVersion = 15.2;
					};
					2FA013D32D6A5FAF0055741C = {
						CreatedOnToolsVersion = 15.2;
						TestTargetID = 2FA013C32D6A5FAC0055741C;
					};
				};
			};
			buildConfigurationList = 2FA013BF2D6A5FAC0055741C /* Build configuration list for PBXProject "Recipes" */;
			compatibilityVersion = "Xcode 14.0";
			developmentRegion = en;
			hasScannedForEncodings = 0;
			knownRegions = (
				en,
				Base,
			);
			mainGroup = 2FA013BB2D6A5FAC0055741C;
			productRefGroup = 2FA013C52D6A5FAC0055741C /* Products */;
			projectDirPath = "";
			projectRoot = "";
			targets = (
				2FA013C32D6A5FAC0055741C /* Recipes */,
				2FA013D32D6A5FAF0055741C /* RecipesTests */,
			);
		};
/* End PBXProject section */

/* Begin PBXResourcesBuildPhase section */
		2FA013C22D6A5FAC0055741C /* Resources */ = {
			isa = PBXResourcesBuildPhase;
			buildActionMask = 2147483647;
			files = (
				2FA0143B2D6C299C0055741C /* lightMode.png in Resources */,
				2FA014182D6A8CA80055741C /* recipesResponse.json in Resources */,
				2FA014392D6C298D0055741C /* darkMode.png in Resources */,
				2FA0141E2D6A8D120055741C /* recipesResponseEmpty.json in Resources */,
				2FA0141C2D6A8CFC0055741C /* recipesResponseMalformed.json in Resources */,
				2FA013CC2D6A5FAF0055741C /* Assets.xcassets in Resources */,
			);
			runOnlyForDeploymentPostprocessing = 0;
		};
		2FA013D22D6A5FAF0055741C /* Resources */ = {
			isa = PBXResourcesBuildPhase;
			buildActionMask = 2147483647;
			files = (
			);
			runOnlyForDeploymentPostprocessing = 0;
		};
/* End PBXResourcesBuildPhase section */

/* Begin PBXSourcesBuildPhase section */
		2FA013C02D6A5FAC0055741C /* Sources */ = {
			isa = PBXSourcesBuildPhase;
			buildActionMask = 2147483647;
			files = (
				2FA0142D2D6C144A0055741C /* BaseContentLoadingView.swift in Sources */,
				2FA014262D6AC62C0055741C /* RemoteImageNetworkingService.swift in Sources */,
				2FA014332D6C1D5B0055741C /* RecipesApp.swift in Sources */,
				2FA014142D6A70A30055741C /* AsyncDownloader.swift in Sources */,
				2FA0140B2D6A6EA70055741C /* RecipeCardView.swift in Sources */,
				2FA014212D6A8DA40055741C /* MockRecipesNetworkingService.swift in Sources */,
				2FA014292D6AC6A50055741C /* DefaultRemoteImageNetworkingService.swift in Sources */,
				2FA014022D6A6C820055741C /* DefaultRecipesNetworkingService.swift in Sources */,
				2FA014092D6A6E9A0055741C /* RecipesListView.swift in Sources */,
				2FA014102D6A6FFC0055741C /* RemoteImageView.swift in Sources */,
				2FA014052D6A6D050055741C /* RecipeDomainModel+Mapping.swift in Sources */,
				2FA013F52D6A613C0055741C /* RecipesNetworkingService.swift in Sources */,
				2FA014312D6C18C90055741C /* RecipesDataModel.swift in Sources */,
				2FA014232D6A8DD30055741C /* MockingHelpers.swift in Sources */,
				2FA013F82D6A616C0055741C /* NetworkingService.swift in Sources */,
				2FA0142B2D6AC8D80055741C /* RemoteImageViewModel.swift in Sources */,
				2FA014002D6A6C320055741C /* RecipeDomainModel.swift in Sources */,
				2FA0140E2D6A6ED50055741C /* CardViewModifier.swift in Sources */,
				2FA013FA2D6A62A40055741C /* NetworkingError.swift in Sources */,
				2FA013FD2D6A6AB70055741C /* RecipeDataModel.swift in Sources */,
			);
			runOnlyForDeploymentPostprocessing = 0;
		};
		2FA013D02D6A5FAF0055741C /* Sources */ = {
			isa = PBXSourcesBuildPhase;
			buildActionMask = 2147483647;
			files = (
				2FA013D92D6A5FAF0055741C /* RecipesTests.swift in Sources */,
				2FA0143E2D6C2DAE0055741C /* AsyncDownloaderTests.swift in Sources */,
			);
			runOnlyForDeploymentPostprocessing = 0;
		};
/* End PBXSourcesBuildPhase section */

/* Begin PBXTargetDependency section */
		2FA013D62D6A5FAF0055741C /* PBXTargetDependency */ = {
			isa = PBXTargetDependency;
			target = 2FA013C32D6A5FAC0055741C /* Recipes */;
			targetProxy = 2FA013D52D6A5FAF0055741C /* PBXContainerItemProxy */;
		};
/* End PBXTargetDependency section */

/* Begin XCBuildConfiguration section */
		2FA013E62D6A5FAF0055741C /* Debug */ = {
			isa = XCBuildConfiguration;
			buildSettings = {
				ALWAYS_SEARCH_USER_PATHS = NO;
				ASSETCATALOG_COMPILER_GENERATE_SWIFT_ASSET_SYMBOL_EXTENSIONS = YES;
				CLANG_ANALYZER_NONNULL = YES;
				CLANG_ANALYZER_NUMBER_OBJECT_CONVERSION = YES_AGGRESSIVE;
				CLANG_CXX_LANGUAGE_STANDARD = "gnu++20";
				CLANG_ENABLE_MODULES = YES;
				CLANG_ENABLE_OBJC_ARC = YES;
				CLANG_ENABLE_OBJC_WEAK = YES;
				CLANG_WARN_BLOCK_CAPTURE_AUTORELEASING = YES;
				CLANG_WARN_BOOL_CONVERSION = YES;
				CLANG_WARN_COMMA = YES;
				CLANG_WARN_CONSTANT_CONVERSION = YES;
				CLANG_WARN_DEPRECATED_OBJC_IMPLEMENTATIONS = YES;
				CLANG_WARN_DIRECT_OBJC_ISA_USAGE = YES_ERROR;
				CLANG_WARN_DOCUMENTATION_COMMENTS = YES;
				CLANG_WARN_EMPTY_BODY = YES;
				CLANG_WARN_ENUM_CONVERSION = YES;
				CLANG_WARN_INFINITE_RECURSION = YES;
				CLANG_WARN_INT_CONVERSION = YES;
				CLANG_WARN_NON_LITERAL_NULL_CONVERSION = YES;
				CLANG_WARN_OBJC_IMPLICIT_RETAIN_SELF = YES;
				CLANG_WARN_OBJC_LITERAL_CONVERSION = YES;
				CLANG_WARN_OBJC_ROOT_CLASS = YES_ERROR;
				CLANG_WARN_QUOTED_INCLUDE_IN_FRAMEWORK_HEADER = YES;
				CLANG_WARN_RANGE_LOOP_ANALYSIS = YES;
				CLANG_WARN_STRICT_PROTOTYPES = YES;
				CLANG_WARN_SUSPICIOUS_MOVE = YES;
				CLANG_WARN_UNGUARDED_AVAILABILITY = YES_AGGRESSIVE;
				CLANG_WARN_UNREACHABLE_CODE = YES;
				CLANG_WARN__DUPLICATE_METHOD_MATCH = YES;
				COPY_PHASE_STRIP = NO;
				DEBUG_INFORMATION_FORMAT = dwarf;
				ENABLE_STRICT_OBJC_MSGSEND = YES;
				ENABLE_TESTABILITY = YES;
				ENABLE_USER_SCRIPT_SANDBOXING = YES;
				GCC_C_LANGUAGE_STANDARD = gnu17;
				GCC_DYNAMIC_NO_PIC = NO;
				GCC_NO_COMMON_BLOCKS = YES;
				GCC_OPTIMIZATION_LEVEL = 0;
				GCC_PREPROCESSOR_DEFINITIONS = (
					"DEBUG=1",
					"$(inherited)",
				);
				GCC_WARN_64_TO_32_BIT_CONVERSION = YES;
				GCC_WARN_ABOUT_RETURN_TYPE = YES_ERROR;
				GCC_WARN_UNDECLARED_SELECTOR = YES;
				GCC_WARN_UNINITIALIZED_AUTOS = YES_AGGRESSIVE;
				GCC_WARN_UNUSED_FUNCTION = YES;
				GCC_WARN_UNUSED_VARIABLE = YES;
				IPHONEOS_DEPLOYMENT_TARGET = 17.2;
				LOCALIZATION_PREFERS_STRING_CATALOGS = YES;
				MTL_ENABLE_DEBUG_INFO = INCLUDE_SOURCE;
				MTL_FAST_MATH = YES;
				ONLY_ACTIVE_ARCH = YES;
				SDKROOT = iphoneos;
				SWIFT_ACTIVE_COMPILATION_CONDITIONS = "DEBUG $(inherited)";
				SWIFT_OPTIMIZATION_LEVEL = "-Onone";
			};
			name = Debug;
		};
		2FA013E72D6A5FAF0055741C /* Release */ = {
			isa = XCBuildConfiguration;
			buildSettings = {
				ALWAYS_SEARCH_USER_PATHS = NO;
				ASSETCATALOG_COMPILER_GENERATE_SWIFT_ASSET_SYMBOL_EXTENSIONS = YES;
				CLANG_ANALYZER_NONNULL = YES;
				CLANG_ANALYZER_NUMBER_OBJECT_CONVERSION = YES_AGGRESSIVE;
				CLANG_CXX_LANGUAGE_STANDARD = "gnu++20";
				CLANG_ENABLE_MODULES = YES;
				CLANG_ENABLE_OBJC_ARC = YES;
				CLANG_ENABLE_OBJC_WEAK = YES;
				CLANG_WARN_BLOCK_CAPTURE_AUTORELEASING = YES;
				CLANG_WARN_BOOL_CONVERSION = YES;
				CLANG_WARN_COMMA = YES;
				CLANG_WARN_CONSTANT_CONVERSION = YES;
				CLANG_WARN_DEPRECATED_OBJC_IMPLEMENTATIONS = YES;
				CLANG_WARN_DIRECT_OBJC_ISA_USAGE = YES_ERROR;
				CLANG_WARN_DOCUMENTATION_COMMENTS = YES;
				CLANG_WARN_EMPTY_BODY = YES;
				CLANG_WARN_ENUM_CONVERSION = YES;
				CLANG_WARN_INFINITE_RECURSION = YES;
				CLANG_WARN_INT_CONVERSION = YES;
				CLANG_WARN_NON_LITERAL_NULL_CONVERSION = YES;
				CLANG_WARN_OBJC_IMPLICIT_RETAIN_SELF = YES;
				CLANG_WARN_OBJC_LITERAL_CONVERSION = YES;
				CLANG_WARN_OBJC_ROOT_CLASS = YES_ERROR;
				CLANG_WARN_QUOTED_INCLUDE_IN_FRAMEWORK_HEADER = YES;
				CLANG_WARN_RANGE_LOOP_ANALYSIS = YES;
				CLANG_WARN_STRICT_PROTOTYPES = YES;
				CLANG_WARN_SUSPICIOUS_MOVE = YES;
				CLANG_WARN_UNGUARDED_AVAILABILITY = YES_AGGRESSIVE;
				CLANG_WARN_UNREACHABLE_CODE = YES;
				CLANG_WARN__DUPLICATE_METHOD_MATCH = YES;
				COPY_PHASE_STRIP = NO;
				DEBUG_INFORMATION_FORMAT = "dwarf-with-dsym";
				ENABLE_NS_ASSERTIONS = NO;
				ENABLE_STRICT_OBJC_MSGSEND = YES;
				ENABLE_USER_SCRIPT_SANDBOXING = YES;
				GCC_C_LANGUAGE_STANDARD = gnu17;
				GCC_NO_COMMON_BLOCKS = YES;
				GCC_WARN_64_TO_32_BIT_CONVERSION = YES;
				GCC_WARN_ABOUT_RETURN_TYPE = YES_ERROR;
				GCC_WARN_UNDECLARED_SELECTOR = YES;
				GCC_WARN_UNINITIALIZED_AUTOS = YES_AGGRESSIVE;
				GCC_WARN_UNUSED_FUNCTION = YES;
				GCC_WARN_UNUSED_VARIABLE = YES;
				IPHONEOS_DEPLOYMENT_TARGET = 17.2;
				LOCALIZATION_PREFERS_STRING_CATALOGS = YES;
				MTL_ENABLE_DEBUG_INFO = NO;
				MTL_FAST_MATH = YES;
				SDKROOT = iphoneos;
				SWIFT_COMPILATION_MODE = wholemodule;
				VALIDATE_PRODUCT = YES;
			};
			name = Release;
		};
		2FA013E92D6A5FAF0055741C /* Debug */ = {
			isa = XCBuildConfiguration;
			buildSettings = {
				ASSETCATALOG_COMPILER_APPICON_NAME = AppIcon;
				ASSETCATALOG_COMPILER_GLOBAL_ACCENT_COLOR_NAME = AccentColor;
				CODE_SIGN_STYLE = Automatic;
				CURRENT_PROJECT_VERSION = 1;
				DEVELOPMENT_ASSET_PATHS = "";
				DEVELOPMENT_TEAM = SUD83636UR;
				ENABLE_PREVIEWS = YES;
				GENERATE_INFOPLIST_FILE = YES;
				INFOPLIST_KEY_UIApplicationSceneManifest_Generation = YES;
				INFOPLIST_KEY_UIApplicationSupportsIndirectInputEvents = YES;
				INFOPLIST_KEY_UILaunchScreen_Generation = YES;
				INFOPLIST_KEY_UISupportedInterfaceOrientations_iPad = "UIInterfaceOrientationPortrait UIInterfaceOrientationPortraitUpsideDown UIInterfaceOrientationLandscapeLeft UIInterfaceOrientationLandscapeRight";
				INFOPLIST_KEY_UISupportedInterfaceOrientations_iPhone = "UIInterfaceOrientationPortrait UIInterfaceOrientationLandscapeLeft UIInterfaceOrientationLandscapeRight";
				IPHONEOS_DEPLOYMENT_TARGET = 16.0;
				LD_RUNPATH_SEARCH_PATHS = (
					"$(inherited)",
					"@executable_path/Frameworks",
				);
				MARKETING_VERSION = 1.0;
				PRODUCT_BUNDLE_IDENTIFIER = com.braydenharris.Recipes;
				PRODUCT_NAME = "$(TARGET_NAME)";
				SWIFT_EMIT_LOC_STRINGS = YES;
				SWIFT_VERSION = 5.0;
				TARGETED_DEVICE_FAMILY = "1,2";
			};
			name = Debug;
		};
		2FA013EA2D6A5FAF0055741C /* Release */ = {
			isa = XCBuildConfiguration;
			buildSettings = {
				ASSETCATALOG_COMPILER_APPICON_NAME = AppIcon;
				ASSETCATALOG_COMPILER_GLOBAL_ACCENT_COLOR_NAME = AccentColor;
				CODE_SIGN_STYLE = Automatic;
				CURRENT_PROJECT_VERSION = 1;
				DEVELOPMENT_ASSET_PATHS = "";
				DEVELOPMENT_TEAM = SUD83636UR;
				ENABLE_PREVIEWS = YES;
				GENERATE_INFOPLIST_FILE = YES;
				INFOPLIST_KEY_UIApplicationSceneManifest_Generation = YES;
				INFOPLIST_KEY_UIApplicationSupportsIndirectInputEvents = YES;
				INFOPLIST_KEY_UILaunchScreen_Generation = YES;
				INFOPLIST_KEY_UISupportedInterfaceOrientations_iPad = "UIInterfaceOrientationPortrait UIInterfaceOrientationPortraitUpsideDown UIInterfaceOrientationLandscapeLeft UIInterfaceOrientationLandscapeRight";
				INFOPLIST_KEY_UISupportedInterfaceOrientations_iPhone = "UIInterfaceOrientationPortrait UIInterfaceOrientationLandscapeLeft UIInterfaceOrientationLandscapeRight";
				IPHONEOS_DEPLOYMENT_TARGET = 16.0;
				LD_RUNPATH_SEARCH_PATHS = (
					"$(inherited)",
					"@executable_path/Frameworks",
				);
				MARKETING_VERSION = 1.0;
				PRODUCT_BUNDLE_IDENTIFIER = com.braydenharris.Recipes;
				PRODUCT_NAME = "$(TARGET_NAME)";
				SWIFT_EMIT_LOC_STRINGS = YES;
				SWIFT_VERSION = 5.0;
				TARGETED_DEVICE_FAMILY = "1,2";
			};
			name = Release;
		};
		2FA013EC2D6A5FAF0055741C /* Debug */ = {
			isa = XCBuildConfiguration;
			buildSettings = {
				ALWAYS_EMBED_SWIFT_STANDARD_LIBRARIES = YES;
				BUNDLE_LOADER = "$(TEST_HOST)";
				CODE_SIGN_STYLE = Automatic;
				CURRENT_PROJECT_VERSION = 1;
				DEVELOPMENT_TEAM = SUD83636UR;
				GENERATE_INFOPLIST_FILE = YES;
				IPHONEOS_DEPLOYMENT_TARGET = 17.2;
				MARKETING_VERSION = 1.0;
				PRODUCT_BUNDLE_IDENTIFIER = com.braydenharris.RecipesTests;
				PRODUCT_NAME = "$(TARGET_NAME)";
				SWIFT_EMIT_LOC_STRINGS = NO;
				SWIFT_VERSION = 5.0;
				TARGETED_DEVICE_FAMILY = "1,2";
				TEST_HOST = "$(BUILT_PRODUCTS_DIR)/Recipes.app/$(BUNDLE_EXECUTABLE_FOLDER_PATH)/Recipes";
			};
			name = Debug;
		};
		2FA013ED2D6A5FAF0055741C /* Release */ = {
			isa = XCBuildConfiguration;
			buildSettings = {
				ALWAYS_EMBED_SWIFT_STANDARD_LIBRARIES = YES;
				BUNDLE_LOADER = "$(TEST_HOST)";
				CODE_SIGN_STYLE = Automatic;
				CURRENT_PROJECT_VERSION = 1;
				DEVELOPMENT_TEAM = SUD83636UR;
				GENERATE_INFOPLIST_FILE = YES;
				IPHONEOS_DEPLOYMENT_TARGET = 17.2;
				MARKETING_VERSION = 1.0;
				PRODUCT_BUNDLE_IDENTIFIER = com.braydenharris.RecipesTests;
				PRODUCT_NAME = "$(TARGET_NAME)";
				SWIFT_EMIT_LOC_STRINGS = NO;
				SWIFT_VERSION = 5.0;
				TARGETED_DEVICE_FAMILY = "1,2";
				TEST_HOST = "$(BUILT_PRODUCTS_DIR)/Recipes.app/$(BUNDLE_EXECUTABLE_FOLDER_PATH)/Recipes";
			};
			name = Release;
		};
/* End XCBuildConfiguration section */

/* Begin XCConfigurationList section */
		2FA013BF2D6A5FAC0055741C /* Build configuration list for PBXProject "Recipes" */ = {
			isa = XCConfigurationList;
			buildConfigurations = (
				2FA013E62D6A5FAF0055741C /* Debug */,
				2FA013E72D6A5FAF0055741C /* Release */,
			);
			defaultConfigurationIsVisible = 0;
			defaultConfigurationName = Release;
		};
		2FA013E82D6A5FAF0055741C /* Build configuration list for PBXNativeTarget "Recipes" */ = {
			isa = XCConfigurationList;
			buildConfigurations = (
				2FA013E92D6A5FAF0055741C /* Debug */,
				2FA013EA2D6A5FAF0055741C /* Release */,
			);
			defaultConfigurationIsVisible = 0;
			defaultConfigurationName = Release;
		};
		2FA013EB2D6A5FAF0055741C /* Build configuration list for PBXNativeTarget "RecipesTests" */ = {
			isa = XCConfigurationList;
			buildConfigurations = (
				2FA013EC2D6A5FAF0055741C /* Debug */,
				2FA013ED2D6A5FAF0055741C /* Release */,
			);
			defaultConfigurationIsVisible = 0;
			defaultConfigurationName = Release;
		};
/* End XCConfigurationList section */
	};
	rootObject = 2FA013BC2D6A5FAC0055741C /* Project object */;
}
